[[package]]
category = "dev"
description = "Python graph (network) package"
name = "altgraph"
optional = false
python-versions = "*"
version = "0.16.1"

[[package]]
category = "main"
description = "Fast ASN.1 parser and serializer with definitions for private keys, public keys, certificates, CRL, OCSP, CMS, PKCS#3, PKCS#7, PKCS#8, PKCS#12, PKCS#5, X.509 and TSP"
name = "asn1crypto"
optional = false
python-versions = "*"
version = "0.24.0"

[[package]]
category = "main"
description = "Foreign Function Interface for Python calling C code."
name = "cffi"
optional = false
python-versions = "*"
version = "1.12.3"

[package.dependencies]
pycparser = "*"

[[package]]
category = "main"
description = "cryptography is a package which provides cryptographic recipes and primitives to Python developers."
name = "cryptography"
optional = false
python-versions = ">=2.7,!=3.0.*,!=3.1.*,!=3.2.*,!=3.3.*"
version = "2.7"

[package.dependencies]
asn1crypto = ">=0.21.0"
cffi = ">=1.8,<1.11.3 || >1.11.3"
six = ">=1.4.1"

[[package]]
category = "main"
description = "ECDSA cryptographic signature library (pure python)"
name = "ecdsa"
optional = false
python-versions = "*"
version = "0.13"

[[package]]
category = "dev"
description = "Clean single-source support for Python 3 and 2"
name = "future"
optional = false
python-versions = ">=2.6, !=3.0.*, !=3.1.*, !=3.2.*"
version = "0.17.1"

[[package]]
category = "main"
description = "A Cython interface to the hidapi from https://github.com/signal11/hidapi"
name = "hidapi"
optional = false
python-versions = "*"
version = "0.7.99.post21"

[package.dependencies]
setuptools = ">=19.0"

[[package]]
category = "main"
description = "Pure-python wrapper for libusb-1.0"
name = "libusb1"
optional = false
python-versions = "*"
version = "1.7"

[[package]]
category = "dev"
description = "Mach-O header analysis and editing"
name = "macholib"
optional = false
python-versions = "*"
version = "1.11"

[package.dependencies]
altgraph = ">=0.15"

[[package]]
category = "main"
description = "Implementation of Bitcoin BIP-0039"
name = "mnemonic"
optional = false
python-versions = "*"
version = "0.18"

[package.dependencies]
pbkdf2 = "*"

[[package]]
category = "main"
description = "Implementation of Noise Protocol Framework"
name = "noiseprotocol"
optional = false
python-versions = "~=3.5"
version = "0.3.0"

[package.dependencies]
cryptography = ">=2.5"

[[package]]
category = "main"
description = "PKCS#5 v2.0 PBKDF2 Module"
name = "pbkdf2"
optional = false
python-versions = "*"
version = "1.3"

[[package]]
category = "dev"
description = "Python PE parsing module"
name = "pefile"
optional = false
python-versions = "*"
version = "2018.8.8"

[package.dependencies]
future = "*"

[[package]]
category = "main"
description = "Protocol Buffers"
name = "protobuf"
optional = false
python-versions = "*"
version = "3.9.0"

[package.dependencies]
setuptools = "*"
six = ">=1.9"

[[package]]
category = "main"
description = "Pure-Python Implementation of the AES block-cipher and common modes of operation"
name = "pyaes"
optional = false
python-versions = "*"
version = "1.6.1"

[[package]]
category = "main"
description = "C parser in Python"
name = "pycparser"
optional = false
python-versions = ">=2.7, !=3.0.*, !=3.1.*, !=3.2.*, !=3.3.*"
version = "2.19"

[[package]]
category = "dev"
description = "PyInstaller bundles a Python application and all its dependencies into a single package."
name = "pyinstaller"
optional = false
python-versions = ">=2.7, !=3.0.*, !=3.1.*, !=3.2.*, !=3.3.*"
version = "3.4"

[package.dependencies]
altgraph = "*"
macholib = ">=1.8"
pefile = ">=2017.8.1"
setuptools = "*"

[[package]]
category = "dev"
description = "Enhanced version of python-jsonrpc for use with Bitcoin"
name = "python-bitcoinrpc"
optional = false
python-versions = "*"
version = "1.0"

[[package]]
category = "main"
description = ""
name = "pywin32-ctypes"
optional = true
python-versions = "*"
version = "0.2.0"

[[package]]
category = "main"
description = "Python helper for Semantic Versioning (http://semver.org/)"
name = "semver"
optional = false
python-versions = "*"
version = "2.8.1"

[[package]]
category = "main"
description = "Python 2 and 3 compatibility utilities"
name = "six"
optional = false
python-versions = ">=2.6, !=3.0.*, !=3.1.*"
version = "1.12.0"

[[package]]
category = "main"
description = "Type Hints for Python"
name = "typing"
optional = false
python-versions = "*"
version = "3.7.4"

[[package]]
category = "main"
description = "Backported and Experimental Type Hints for Python 3.5+"
name = "typing-extensions"
optional = false
python-versions = "*"
version = "3.7.4"

[package.dependencies]
typing = ">=3.7.4"

[extras]
windist = ["pywin32-ctypes"]

[metadata]
content-hash = "c9ec5f1ddbbc4848a3df620063d948159a5db9ce9a3e0dd137700d0da0766ab6"
python-versions = "^3.5.6"

[metadata.hashes]
altgraph = ["d6814989f242b2b43025cba7161fc1b8fb487a62cd49c49245d6fd01c18ac997", "ddf5320017147ba7b810198e0b6619bd7b5563aa034da388cea8546b877f9b0c"]
asn1crypto = ["2f1adbb7546ed199e3c90ef23ec95c5cf3585bac7d11fb7eb562a3fe89c64e87", "9d5c20441baf0cb60a4ac34cc447c6c189024b6b4c6cd7877034f4965c464e49"]
cffi = ["041c81822e9f84b1d9c401182e174996f0bae9991f33725d059b771744290774", "046ef9a22f5d3eed06334d01b1e836977eeef500d9b78e9ef693f9380ad0b83d", "066bc4c7895c91812eff46f4b1c285220947d4aa46fa0a2651ff85f2afae9c90", "066c7ff148ae33040c01058662d6752fd73fbc8e64787229ea8498c7d7f4041b", "2444d0c61f03dcd26dbf7600cf64354376ee579acad77aef459e34efcb438c63", "300832850b8f7967e278870c5d51e3819b9aad8f0a2c8dbe39ab11f119237f45", "34c77afe85b6b9e967bd8154e3855e847b70ca42043db6ad17f26899a3df1b25", "46de5fa00f7ac09f020729148ff632819649b3e05a007d286242c4882f7b1dc3", "4aa8ee7ba27c472d429b980c51e714a24f47ca296d53f4d7868075b175866f4b", "4d0004eb4351e35ed950c14c11e734182591465a33e960a4ab5e8d4f04d72647", "4e3d3f31a1e202b0f5a35ba3bc4eb41e2fc2b11c1eff38b362de710bcffb5016", "50bec6d35e6b1aaeb17f7c4e2b9374ebf95a8975d57863546fa83e8d31bdb8c4", "55cad9a6df1e2a1d62063f79d0881a414a906a6962bc160ac968cc03ed3efcfb", "5662ad4e4e84f1eaa8efce5da695c5d2e229c563f9d5ce5b0113f71321bcf753", "59b4dc008f98fc6ee2bb4fd7fc786a8d70000d058c2bbe2698275bc53a8d3fa7", "73e1ffefe05e4ccd7bcea61af76f36077b914f92b76f95ccf00b0c1b9186f3f9", "a1f0fd46eba2d71ce1589f7e50a9e2ffaeb739fb2c11e8192aa2b45d5f6cc41f", "a2e85dc204556657661051ff4bab75a84e968669765c8a2cd425918699c3d0e8", "a5457d47dfff24882a21492e5815f891c0ca35fefae8aa742c6c263dac16ef1f", "a8dccd61d52a8dae4a825cdbb7735da530179fea472903eb871a5513b5abbfdc", "ae61af521ed676cf16ae94f30fe202781a38d7178b6b4ab622e4eec8cefaff42", "b012a5edb48288f77a63dba0840c92d0504aa215612da4541b7b42d849bc83a3", "d2c5cfa536227f57f97c92ac30c8109688ace8fa4ac086d19d0af47d134e2909", "d42b5796e20aacc9d15e66befb7a345454eef794fdb0737d1af593447c6c8f45", "dee54f5d30d775f525894d67b1495625dd9322945e7fee00731952e0368ff42d", "e070535507bd6aa07124258171be2ee8dfc19119c28ca94c9dfb7efd23564512", "e1ff2748c84d97b065cc95429814cdba39bcbd77c9c85c89344b317dc0d9cbff", "ed851c75d1e0e043cbf5ca9a8e1b13c4c90f3fbd863dacb01c0808e2b5204201"]
cryptography = ["24b61e5fcb506424d3ec4e18bca995833839bf13c59fc43e530e488f28d46b8c", "25dd1581a183e9e7a806fe0543f485103232f940fcfc301db65e630512cce643", "3452bba7c21c69f2df772762be0066c7ed5dc65df494a1d53a58b683a83e1216", "41a0be220dd1ed9e998f5891948306eb8c812b512dc398e5a01846d855050799", "5751d8a11b956fbfa314f6553d186b94aa70fdb03d8a4d4f1c82dcacf0cbe28a", "5f61c7d749048fa6e3322258b4263463bfccefecb0dd731b6561cb617a1d9bb9", "72e24c521fa2106f19623a3851e9f89ddfdeb9ac63871c7643790f872a305dfc", "7b97ae6ef5cba2e3bb14256625423413d5ce8d1abb91d4f29b6d1a081da765f8", "961e886d8a3590fd2c723cf07be14e2a91cf53c25f02435c04d39e90780e3b53", "96d8473848e984184b6728e2c9d391482008646276c3ff084a1bd89e15ff53a1", "ae536da50c7ad1e002c3eee101871d93abdc90d9c5f651818450a0d3af718609", "b0db0cecf396033abb4a93c95d1602f268b3a68bb0a9cc06a7cff587bb9a7292", "cfee9164954c186b191b91d4193989ca994703b2fff406f71cf454a2d3c7327e", "e6347742ac8f35ded4a46ff835c60e68c22a536a8ae5c4422966d06946b6d4c6", "f27d93f0139a3c056172ebb5d4f9056e770fdf0206c2f422ff2ebbad142e09ed", "f57b76e46a58b63d1c6375017f4564a28f19a5ca912691fd2e4261b3414b618d"]
ecdsa = ["40d002cf360d0e035cf2cb985e1308d41aaa087cbfc135b2dc2d844296ea546c", "64cf1ee26d1cde3c73c6d7d107f835fed7c6a2904aef9eac223d57ad800c43fa"]
future = ["67045236dcfd6816dc439556d009594abf643e5eb48992e36beac09c2ca659b8"]
hidapi = ["1ac170f4d601c340f2cd52fd06e85c5e77bad7ceac811a7bb54b529f7dc28c24", "6424ad75da0021ce8c1bcd78056a04adada303eff3c561f8d132b85d0a914cb3", "8d3be666f464347022e2b47caf9132287885d9eacc7895314fc8fefcb4e42946", "92878bad7324dee619b7832fbfc60b5360d378aa7c5addbfef0a410d8fd342c7", "b4b1f6aff0192e9be153fe07c1b7576cb7a1ff52e78e3f76d867be95301a8e87", "bf03f06f586ce7d8aeb697a94b7dba12dc9271aae92d7a8d4486360ff711a660", "c76de162937326fcd57aa399f94939ce726242323e65c15c67e183da1f6c26f7", "d4ad1e46aef98783a9e6274d523b8b1e766acfc3d72828cd44a337564d984cfa", "d4b5787a04613503357606bb10e59c3e2c1114fa00ee328b838dd257f41cbd7b", "e0be1aa6566979266a8fc845ab0e18613f4918cf2c977fe67050f5dc7e2a9a97", "edfb16b16a298717cf05b8c8a9ad1828b6ff3de5e93048ceccd74e6ae4ff0922"]
libusb1 = ["9d4f66d2ed699986b06bc3082cd262101cb26af7a76a34bd15b7eb56cba37e0f"]
macholib = ["ac02d29898cf66f27510d8f39e9112ae00590adb4a48ec57b25028d6962b1ae1", "c4180ffc6f909bf8db6cd81cff4b6f601d575568f4d5dee148c830e9851eb9db"]
mnemonic = ["02a7306a792370f4a0c106c2cf1ce5a0c84b9dbd7e71c6792fdb9ad88a727f1d"]
noiseprotocol = ["4e04f19bf6a747e16e7208f1c55fe1e3d8c3558d3ab4ee9e9d4a2fa6a154db6d", "81152e93910ac10ab392492a68dd6d8b1549f2d6fec7f85776f3119665f29809"]
pbkdf2 = ["ac6397369f128212c43064a2b4878038dab78dab41875364554aaf2a684e6979"]
pefile = ["4c5b7e2de0c8cb6c504592167acf83115cbbde01fe4a507c16a1422850e86cd6"]
protobuf = ["05c36022fef3c7d3562ac22402965c0c2b9fe8421f459bb377323598996e407f", "139b7eadcca0a861d60b523cb37d9475505e0dfb07972436b15407c2b968d87e", "15f683006cb77fb849b1f561e509b03dd2b7dcc749086b8dd1831090d0ba4740", "2ad566b7b7cdd8717c7af1825e19f09e8fef2787b77fcb979588944657679604", "35cfcf97642ef62108e10a9431c77733ec7eaab8e32fe4653de20403429907cb", "387822859ecdd012fdc25ec879f7f487da6e1d5b1ae6115e227e6be208836f71", "4df14cbe1e7134afcfdbb9f058949e31c466de27d9b2f7fb4da9e0b67231b538", "586c4ca37a7146d4822c700059f150ac3445ce0aef6f3ea258640838bb892dc2", "58b11e530e954d29ab3180c48dc558a409f705bf16739fd4e0d3e07924ad7add", "63c8c98ccb8c95f41c18fb829aeeab21c6249adee4ed75354125bdc44488f30e", "72edcbacd0c73eef507d2ff1af99a6c27df18e66a3ff4351e401182e4de62b03", "83dc8a561b3b954fd7002c690bb83278b8d1742a1e28abba9aaef28b0c8b437d", "913171ecc84c2726b86574e40549a0ea619d569657c5a5ff782a3be7d81401a5", "aabb7c741d3416671c3e6fe7c52970a226e6a8274417a97d7d795f953fadef36", "b3452bbda12b1cbe2187d416779de07b2ab4c497d83a050e43c344778763721d", "c5d5b8d4a9212338297fa1fa44589f69b470c0ba1d38168b432d577176b386a8", "d86ee389c2c4fc3cebabb8ce83a8e97b6b3b5dc727b7419c1ccdc7b6e545a233", "df82a0a3494fa2100c6f94aacaa8a618281dc3535f410f3decce941aea400a50", "f2db8c754de788ab8be5e108e1e967c774c0942342b4f8aaaf14063889a6cfdc"]
pyaes = ["02c1b1405c38d3c370b085fb952dd8bea3fadcee6411ad99f312cc129c536d8f"]
pycparser = ["a988718abfad80b6b157acce7bf130a30876d27603738ac39f140993246b25b3"]
pyinstaller = ["a5a6e04a66abfcf8761e89a2ebad937919c6be33a7b8963e1a961b55cb35986b"]
python-bitcoinrpc = ["a6a6f35672635163bc491c25fe29520bdd063dedbeda3b37bf5be97aa038c6e7"]
pywin32-ctypes = ["24ffc3b341d457d48e8922352130cf2644024a4ff09762a2261fd34c36ee5942", "9dc2d991b3479cc2df15930958b674a48a227d5361d413827a4cfd0b5876fc98"]
semver = ["41c9aa26c67dc16c54be13074c352ab666bce1fa219c7110e8f03374cd4206b0", "5b09010a66d9a3837211bb7ae5a20d10ba88f8cb49e92cb139a69ef90d5060d8"]
six = ["3350809f0555b11f552448330d0b52d5f24c91a322ea4a15ef22629740f3761c", "d16a0141ec1a18405cd4ce8b4613101da75da0e9a7aec5bdd4fa804d0e0eba73"]
typing = ["38566c558a0a94d6531012c8e917b1b8518a41e418f7f15f00e129cc80162ad3", "53765ec4f83a2b720214727e319607879fec4acde22c4fbb54fa2604e79e44ce", "84698954b4e6719e912ef9a42a2431407fe3755590831699debda6fba92aac55"]
typing-extensions = ["2ed632b30bb54fc3941c382decfd0ee4148f5c591651c9272473fea2c6397d95", "b1edbbf0652660e32ae780ac9433f4231e7339c7f9a8057d0f042fcbcea49b87", "d8179012ec2c620d3791ca6fe2bf7979d979acdbef1fca0bc56b37411db682ed"]
